
Microsoft Visual Studio Solution File, Format Version 12.00
# Visual Studio Version 16
VisualStudioVersion = 16.0.29519.181
MinimumVisualStudioVersion = 10.0.40219.1
Project("{FAE04EC0-301F-11D3-BF4B-00C04F79EFBC}") = "SzakdolgozatApp", "SzakdolgozatApp\SzakdolgozatApp.csproj", "{8178D1A6-021D-4398-957A-7C007DFC9FB9}"
EndProject
Global
	GlobalSection(SolutionConfigurationPlatforms) = preSolution
		Debug|Any CPU = Debug|Any CPU
		Release|Any CPU = Release|Any CPU
	EndGlobalSection
	GlobalSection(ProjectConfigurationPlatforms) = postSolution
		{8178D1A6-021D-4398-957A-7C007DFC9FB9}.Debug|Any CPU.ActiveCfg = Debug|Any CPU
		{8178D1A6-021D-4398-957A-7C007DFC9FB9}.Debug|Any CPU.Build.0 = Debug|Any CPU
		{8178D1A6-021D-4398-957A-7C007DFC9FB9}.Release|Any CPU.ActiveCfg = Release|Any CPU
		{8178D1A6-021D-4398-957A-7C007DFC9FB9}.Release|Any CPU.Build.0 = Release|Any CPU
	EndGlobalSection
	GlobalSection(SolutionProperties) = preSolution
		HideSolutionNode = FALSE
	EndGlobalSection
	GlobalSection(ExtensibilityGlobals) = postSolution
		SolutionGuid = {3D0F8776-2830-4551-875E-3E823B48090D}
	EndGlobalSection
EndGlobal
